// !$*UTF8*$!
{
	archiveVersion = 1;
	classes = {
	};
	objectVersion = 55;
	objects = {

/* Begin PBXBuildFile section */
		5E74B19FD43C8DF435112610 /* APIResultDelegate.swift in Sources */ = {isa = PBXBuildFile; fileRef = 5E74B8DC829535CBA39EE0BA /* APIResultDelegate.swift */; };
		5E74B28BF94278016D7A2887 /* BookListDelegate.swift in Sources */ = {isa = PBXBuildFile; fileRef = 5E74BC59DB8B7799E63F5795 /* BookListDelegate.swift */; };
		5E74B3E63073D96058E8D719 /* BookListViewModel.swift in Sources */ = {isa = PBXBuildFile; fileRef = 5E74B0EA25EE774C3EE08328 /* BookListViewModel.swift */; };
		5E74B3EC5090943E94E5E471 /* ConstraintExtensions.swift in Sources */ = {isa = PBXBuildFile; fileRef = 5E74BE43325A1DBF7B3890D1 /* ConstraintExtensions.swift */; };
		5E74B4A72139FBF5928F9282 /* DataParse.swift in Sources */ = {isa = PBXBuildFile; fileRef = 5E74BF5AB029CC165CD3206C /* DataParse.swift */; };
		5E74B595D6F1BE9414D0A622 /* RegisterViewController.swift in Sources */ = {isa = PBXBuildFile; fileRef = 5E74B986D50EFA2300C34936 /* RegisterViewController.swift */; };
		5E74B7811816BF293182889F /* CustomTextField.swift in Sources */ = {isa = PBXBuildFile; fileRef = 5E74BD8C34C8E70FDC2E9594 /* CustomTextField.swift */; };
		5E74B90CA25F8EEF8C6AF740 /* BookListViewController.swift in Sources */ = {isa = PBXBuildFile; fileRef = 5E74BA91078CBBBCCEBF760F /* BookListViewController.swift */; };
		5E74BABBCC6BFCBC9C6E903F /* ApiProvider.swift in Sources */ = {isa = PBXBuildFile; fileRef = 5E74B80B782537C116733F82 /* ApiProvider.swift */; };
		5E74BB9C8923067C54464F09 /* RowBookView.swift in Sources */ = {isa = PBXBuildFile; fileRef = 5E74BF69F5286D7E724C95EE /* RowBookView.swift */; };
		5E74BD7AC4121575B01208EB /* Dimensions.swift in Sources */ = {isa = PBXBuildFile; fileRef = 5E74B8BC2759F23D969BBBBA /* Dimensions.swift */; };
		5E74BD7EDE2C17D953F16E90 /* UITextLabel.swift in Sources */ = {isa = PBXBuildFile; fileRef = 5E74B0F2F89B1C6CC8F17B71 /* UITextLabel.swift */; };
		5E74BE6102288959F811778B /* UIButtonExtensions.swift in Sources */ = {isa = PBXBuildFile; fileRef = 5E74BEBEA170849D03085F58 /* UIButtonExtensions.swift */; };
		5E74BE6975C621A5AB65EBF0 /* UIViewExtensions.swift in Sources */ = {isa = PBXBuildFile; fileRef = 5E74B496684E4F5F5D16FDEB /* UIViewExtensions.swift */; };
		5E74BF33625B16178545D4F1 /* Endpoints.swift in Sources */ = {isa = PBXBuildFile; fileRef = 5E74B1F68713FFA86503E281 /* Endpoints.swift */; };
		E001228927A8CFC7002909B6 /* AppDelegate.swift in Sources */ = {isa = PBXBuildFile; fileRef = E001228827A8CFC7002909B6 /* AppDelegate.swift */; };
		E001228B27A8CFC7002909B6 /* SceneDelegate.swift in Sources */ = {isa = PBXBuildFile; fileRef = E001228A27A8CFC7002909B6 /* SceneDelegate.swift */; };
		E001228D27A8CFC7002909B6 /* LoginViewController.swift in Sources */ = {isa = PBXBuildFile; fileRef = E001228C27A8CFC7002909B6 /* LoginViewController.swift */; };
		E001229027A8CFC7002909B6 /* Main.storyboard in Resources */ = {isa = PBXBuildFile; fileRef = E001228E27A8CFC7002909B6 /* Main.storyboard */; };
		E001229227A8CFC9002909B6 /* Assets.xcassets in Resources */ = {isa = PBXBuildFile; fileRef = E001229127A8CFC9002909B6 /* Assets.xcassets */; };
		E001229527A8CFC9002909B6 /* LaunchScreen.storyboard in Resources */ = {isa = PBXBuildFile; fileRef = E001229327A8CFC9002909B6 /* LaunchScreen.storyboard */; };
		E00122A527A8D44E002909B6 /* BaseUIViewController.swift in Sources */ = {isa = PBXBuildFile; fileRef = E00122A427A8D44E002909B6 /* BaseUIViewController.swift */; };
		E01E249127D6FD8A00FB8BF5 /* UserPreferences.swift in Sources */ = {isa = PBXBuildFile; fileRef = E01E249027D6FD8A00FB8BF5 /* UserPreferences.swift */; };
		E0716D1827EEC250003487DE /* Kingfisher in Frameworks */ = {isa = PBXBuildFile; productRef = E0716D1727EEC250003487DE /* Kingfisher */; };
		E0716D1B27EEC324003487DE /* Alamofire in Frameworks */ = {isa = PBXBuildFile; productRef = E0716D1A27EEC324003487DE /* Alamofire */; };
		E0716D1D27EFD96B003487DE /* AuthorsResponse.swift in Sources */ = {isa = PBXBuildFile; fileRef = E0716D1C27EFD96B003487DE /* AuthorsResponse.swift */; };
		E0716D1F27EFE87E003487DE /* BooksResponse.swift in Sources */ = {isa = PBXBuildFile; fileRef = E0716D1E27EFE87E003487DE /* BooksResponse.swift */; };
		E0716D2127EFEF46003487DE /* Viewable.swift in Sources */ = {isa = PBXBuildFile; fileRef = E0716D2027EFEF46003487DE /* Viewable.swift */; };
		E0716D2427EFF02B003487DE /* AuthorsExtensions.swift in Sources */ = {isa = PBXBuildFile; fileRef = E0716D2327EFF02B003487DE /* AuthorsExtensions.swift */; };
		E0716D2727EFF0CD003487DE /* DataType.swift in Sources */ = {isa = PBXBuildFile; fileRef = E0716D2627EFF0CD003487DE /* DataType.swift */; };
		E0716D2927EFF273003487DE /* BooksExtensions.swift in Sources */ = {isa = PBXBuildFile; fileRef = E0716D2827EFF273003487DE /* BooksExtensions.swift */; };
		E0716D2B27EFF2E4003487DE /* CategoriesResponse.swift in Sources */ = {isa = PBXBuildFile; fileRef = E0716D2A27EFF2E4003487DE /* CategoriesResponse.swift */; };
		E0716D2D27EFF31E003487DE /* CategoryExtensions.swift in Sources */ = {isa = PBXBuildFile; fileRef = E0716D2C27EFF31D003487DE /* CategoryExtensions.swift */; };
/* End PBXBuildFile section */

/* Begin PBXFileReference section */
		5E74B0EA25EE774C3EE08328 /* BookListViewModel.swift */ = {isa = PBXFileReference; fileEncoding = 4; lastKnownFileType = sourcecode.swift; path = BookListViewModel.swift; sourceTree = "<group>"; };
		5E74B0F2F89B1C6CC8F17B71 /* UITextLabel.swift */ = {isa = PBXFileReference; fileEncoding = 4; lastKnownFileType = sourcecode.swift; path = UITextLabel.swift; sourceTree = "<group>"; };
		5E74B1F68713FFA86503E281 /* Endpoints.swift */ = {isa = PBXFileReference; fileEncoding = 4; lastKnownFileType = sourcecode.swift; path = Endpoints.swift; sourceTree = "<group>"; };
		5E74B496684E4F5F5D16FDEB /* UIViewExtensions.swift */ = {isa = PBXFileReference; fileEncoding = 4; lastKnownFileType = sourcecode.swift; path = UIViewExtensions.swift; sourceTree = "<group>"; };
		5E74B80B782537C116733F82 /* ApiProvider.swift */ = {isa = PBXFileReference; fileEncoding = 4; lastKnownFileType = sourcecode.swift; path = ApiProvider.swift; sourceTree = "<group>"; };
		5E74B8BC2759F23D969BBBBA /* Dimensions.swift */ = {isa = PBXFileReference; fileEncoding = 4; lastKnownFileType = sourcecode.swift; path = Dimensions.swift; sourceTree = "<group>"; };
		5E74B8DC829535CBA39EE0BA /* APIResultDelegate.swift */ = {isa = PBXFileReference; fileEncoding = 4; lastKnownFileType = sourcecode.swift; path = APIResultDelegate.swift; sourceTree = "<group>"; };
		5E74B986D50EFA2300C34936 /* RegisterViewController.swift */ = {isa = PBXFileReference; fileEncoding = 4; lastKnownFileType = sourcecode.swift; path = RegisterViewController.swift; sourceTree = "<group>"; };
		5E74BA91078CBBBCCEBF760F /* BookListViewController.swift */ = {isa = PBXFileReference; fileEncoding = 4; lastKnownFileType = sourcecode.swift; path = BookListViewController.swift; sourceTree = "<group>"; };
		5E74BC59DB8B7799E63F5795 /* BookListDelegate.swift */ = {isa = PBXFileReference; fileEncoding = 4; lastKnownFileType = sourcecode.swift; path = BookListDelegate.swift; sourceTree = "<group>"; };
		5E74BD8C34C8E70FDC2E9594 /* CustomTextField.swift */ = {isa = PBXFileReference; fileEncoding = 4; lastKnownFileType = sourcecode.swift; path = CustomTextField.swift; sourceTree = "<group>"; };
		5E74BE43325A1DBF7B3890D1 /* ConstraintExtensions.swift */ = {isa = PBXFileReference; fileEncoding = 4; lastKnownFileType = sourcecode.swift; path = ConstraintExtensions.swift; sourceTree = "<group>"; };
		5E74BEBEA170849D03085F58 /* UIButtonExtensions.swift */ = {isa = PBXFileReference; fileEncoding = 4; lastKnownFileType = sourcecode.swift; path = UIButtonExtensions.swift; sourceTree = "<group>"; };
		5E74BF5AB029CC165CD3206C /* DataParse.swift */ = {isa = PBXFileReference; fileEncoding = 4; lastKnownFileType = sourcecode.swift; path = DataParse.swift; sourceTree = "<group>"; };
		5E74BF69F5286D7E724C95EE /* RowBookView.swift */ = {isa = PBXFileReference; fileEncoding = 4; lastKnownFileType = sourcecode.swift; path = RowBookView.swift; sourceTree = "<group>"; };
		E001228527A8CFC7002909B6 /* Library.app */ = {isa = PBXFileReference; explicitFileType = wrapper.application; includeInIndex = 0; path = Library.app; sourceTree = BUILT_PRODUCTS_DIR; };
		E001228827A8CFC7002909B6 /* AppDelegate.swift */ = {isa = PBXFileReference; lastKnownFileType = sourcecode.swift; path = AppDelegate.swift; sourceTree = "<group>"; };
		E001228A27A8CFC7002909B6 /* SceneDelegate.swift */ = {isa = PBXFileReference; lastKnownFileType = sourcecode.swift; path = SceneDelegate.swift; sourceTree = "<group>"; };
		E001228C27A8CFC7002909B6 /* LoginViewController.swift */ = {isa = PBXFileReference; lastKnownFileType = sourcecode.swift; path = LoginViewController.swift; sourceTree = "<group>"; };
		E001228F27A8CFC7002909B6 /* Base */ = {isa = PBXFileReference; lastKnownFileType = file.storyboard; name = Base; path = Base.lproj/Main.storyboard; sourceTree = "<group>"; };
		E001229127A8CFC9002909B6 /* Assets.xcassets */ = {isa = PBXFileReference; lastKnownFileType = folder.assetcatalog; path = Assets.xcassets; sourceTree = "<group>"; };
		E001229427A8CFC9002909B6 /* Base */ = {isa = PBXFileReference; lastKnownFileType = file.storyboard; name = Base; path = Base.lproj/LaunchScreen.storyboard; sourceTree = "<group>"; };
		E001229627A8CFC9002909B6 /* Info.plist */ = {isa = PBXFileReference; lastKnownFileType = text.plist.xml; path = Info.plist; sourceTree = "<group>"; };
		E00122A427A8D44E002909B6 /* BaseUIViewController.swift */ = {isa = PBXFileReference; lastKnownFileType = sourcecode.swift; path = BaseUIViewController.swift; sourceTree = "<group>"; };
		E01E249027D6FD8A00FB8BF5 /* UserPreferences.swift */ = {isa = PBXFileReference; lastKnownFileType = sourcecode.swift; path = UserPreferences.swift; sourceTree = "<group>"; };
		E0716D1C27EFD96B003487DE /* AuthorsResponse.swift */ = {isa = PBXFileReference; lastKnownFileType = sourcecode.swift; path = AuthorsResponse.swift; sourceTree = "<group>"; };
		E0716D1E27EFE87E003487DE /* BooksResponse.swift */ = {isa = PBXFileReference; lastKnownFileType = sourcecode.swift; path = BooksResponse.swift; sourceTree = "<group>"; };
		E0716D2027EFEF46003487DE /* Viewable.swift */ = {isa = PBXFileReference; lastKnownFileType = sourcecode.swift; path = Viewable.swift; sourceTree = "<group>"; };
		E0716D2327EFF02B003487DE /* AuthorsExtensions.swift */ = {isa = PBXFileReference; lastKnownFileType = sourcecode.swift; path = AuthorsExtensions.swift; sourceTree = "<group>"; };
		E0716D2627EFF0CD003487DE /* DataType.swift */ = {isa = PBXFileReference; lastKnownFileType = sourcecode.swift; path = DataType.swift; sourceTree = "<group>"; };
		E0716D2827EFF273003487DE /* BooksExtensions.swift */ = {isa = PBXFileReference; lastKnownFileType = sourcecode.swift; path = BooksExtensions.swift; sourceTree = "<group>"; };
		E0716D2A27EFF2E4003487DE /* CategoriesResponse.swift */ = {isa = PBXFileReference; lastKnownFileType = sourcecode.swift; path = CategoriesResponse.swift; sourceTree = "<group>"; };
		E0716D2C27EFF31D003487DE /* CategoryExtensions.swift */ = {isa = PBXFileReference; lastKnownFileType = sourcecode.swift; path = CategoryExtensions.swift; sourceTree = "<group>"; };
/* End PBXFileReference section */

/* Begin PBXFrameworksBuildPhase section */
		E001228227A8CFC7002909B6 /* Frameworks */ = {
			isa = PBXFrameworksBuildPhase;
			buildActionMask = 2147483647;
			files = (
				E0716D1827EEC250003487DE /* Kingfisher in Frameworks */,
				E0716D1B27EEC324003487DE /* Alamofire in Frameworks */,
			);
			runOnlyForDeploymentPostprocessing = 0;
		};
/* End PBXFrameworksBuildPhase section */

/* Begin PBXGroup section */
		5E74B100098CF99F46F9B6A7 /* View */ = {
			isa = PBXGroup;
			children = (
				5E74B986D50EFA2300C34936 /* RegisterViewController.swift */,
			);
			path = View;
			sourceTree = "<group>";
		};
		5E74B183A0A8EFAB62A07E8D /* Delegate */ = {
			isa = PBXGroup;
			children = (
				5E74BC59DB8B7799E63F5795 /* BookListDelegate.swift */,
			);
			path = Delegate;
			sourceTree = "<group>";
		};
		5E74B1A674699CEAA237A1EB /* Base */ = {
			isa = PBXGroup;
			children = (
				E00122A427A8D44E002909B6 /* BaseUIViewController.swift */,
			);
			path = Base;
			sourceTree = "<group>";
		};
		5E74B28DA4A3E2129C105E00 /* Delegate */ = {
			isa = PBXGroup;
			children = (
				5E74B8DC829535CBA39EE0BA /* APIResultDelegate.swift */,
			);
			path = Delegate;
			sourceTree = "<group>";
		};
		5E74B4B1A6D937020112FE91 /* Dimensions */ = {
			isa = PBXGroup;
			children = (
				5E74B8BC2759F23D969BBBBA /* Dimensions.swift */,
			);
			path = Dimensions;
			sourceTree = "<group>";
		};
		5E74B503F2FE0DC37E949E8F /* BookList */ = {
			isa = PBXGroup;
			children = (
				5E74BA812302A504B710AFD0 /* View */,
				5E74BA0767B4324707FE41F3 /* ViewModel */,
				5E74B183A0A8EFAB62A07E8D /* Delegate */,
			);
			path = BookList;
			sourceTree = "<group>";
		};
		5E74BA0767B4324707FE41F3 /* ViewModel */ = {
			isa = PBXGroup;
			children = (
				5E74B0EA25EE774C3EE08328 /* BookListViewModel.swift */,
			);
			path = ViewModel;
			sourceTree = "<group>";
		};
		5E74BA7190A5A7C0466191AD /* Extensions */ = {
			isa = PBXGroup;
			children = (
				5E74B496684E4F5F5D16FDEB /* UIViewExtensions.swift */,
				5E74BE43325A1DBF7B3890D1 /* ConstraintExtensions.swift */,
				5E74BEBEA170849D03085F58 /* UIButtonExtensions.swift */,
				5E74B0F2F89B1C6CC8F17B71 /* UITextLabel.swift */,
				E0716D2327EFF02B003487DE /* AuthorsExtensions.swift */,
				E0716D2827EFF273003487DE /* BooksExtensions.swift */,
				E0716D2C27EFF31D003487DE /* CategoryExtensions.swift */,
			);
			path = Extensions;
			sourceTree = "<group>";
		};
		5E74BA812302A504B710AFD0 /* View */ = {
			isa = PBXGroup;
			children = (
				5E74BA91078CBBBCCEBF760F /* BookListViewController.swift */,
				5E74BF69F5286D7E724C95EE /* RowBookView.swift */,
			);
			path = View;
			sourceTree = "<group>";
		};
		5E74BAEE205B68166739C61F /* Widgets */ = {
			isa = PBXGroup;
			children = (
				5E74BD8C34C8E70FDC2E9594 /* CustomTextField.swift */,
			);
			path = Widgets;
			sourceTree = "<group>";
		};
		5E74BB7C5450926F690DA601 /* Model */ = {
			isa = PBXGroup;
			children = (
				E0716D2527EFF0A7003487DE /* Enum */,
				E0716D1C27EFD96B003487DE /* AuthorsResponse.swift */,
				E0716D1E27EFE87E003487DE /* BooksResponse.swift */,
				E0716D2027EFEF46003487DE /* Viewable.swift */,
				E0716D2A27EFF2E4003487DE /* CategoriesResponse.swift */,
			);
			path = Model;
			sourceTree = "<group>";
		};
		5E74BD5815400C59B4A2CD2D /* Provider */ = {
			isa = PBXGroup;
			children = (
				E01E248F27D6FD7000FB8BF5 /* Preferences */,
				5E74BE8DF2B3F702C2F9BF60 /* API */,
				5E74B28DA4A3E2129C105E00 /* Delegate */,
			);
			path = Provider;
			sourceTree = "<group>";
		};
		5E74BE8DF2B3F702C2F9BF60 /* API */ = {
			isa = PBXGroup;
			children = (
				5E74B80B782537C116733F82 /* ApiProvider.swift */,
				5E74BF5AB029CC165CD3206C /* DataParse.swift */,
				5E74B1F68713FFA86503E281 /* Endpoints.swift */,
			);
			path = API;
			sourceTree = "<group>";
		};
		5E74BFFDFC30D1872D4F093E /* Register */ = {
			isa = PBXGroup;
			children = (
				5E74B100098CF99F46F9B6A7 /* View */,
			);
			path = Register;
			sourceTree = "<group>";
		};
		E001227C27A8CFC7002909B6 = {
			isa = PBXGroup;
			children = (
				E001228727A8CFC7002909B6 /* Library */,
				E001228627A8CFC7002909B6 /* Products */,
			);
			sourceTree = "<group>";
		};
		E001228627A8CFC7002909B6 /* Products */ = {
			isa = PBXGroup;
			children = (
				E001228527A8CFC7002909B6 /* Library.app */,
			);
			name = Products;
			sourceTree = "<group>";
		};
		E001228727A8CFC7002909B6 /* Library */ = {
			isa = PBXGroup;
			children = (
				E0716D2227EFEFCC003487DE /* Modules */,
				5E74BAEE205B68166739C61F /* Widgets */,
				5E74B1A674699CEAA237A1EB /* Base */,
				E00122A627A8D47B002909B6 /* Utils */,
				E001228827A8CFC7002909B6 /* AppDelegate.swift */,
				E001228A27A8CFC7002909B6 /* SceneDelegate.swift */,
				E001228E27A8CFC7002909B6 /* Main.storyboard */,
				E001229127A8CFC9002909B6 /* Assets.xcassets */,
				E001229327A8CFC9002909B6 /* LaunchScreen.storyboard */,
				E001229627A8CFC9002909B6 /* Info.plist */,
				5E74BD5815400C59B4A2CD2D /* Provider */,
				5E74BB7C5450926F690DA601 /* Model */,
			);
			path = Library;
			sourceTree = "<group>";
		};
		E00122A027A8D377002909B6 /* Login */ = {
			isa = PBXGroup;
			children = (
				E00122A227A8D3E3002909B6 /* View */,
			);
			path = Login;
			sourceTree = "<group>";
		};
		E00122A227A8D3E3002909B6 /* View */ = {
			isa = PBXGroup;
			children = (
				E001228C27A8CFC7002909B6 /* LoginViewController.swift */,
			);
			path = View;
			sourceTree = "<group>";
		};
		E00122A627A8D47B002909B6 /* Utils */ = {
			isa = PBXGroup;
			children = (
				5E74BA7190A5A7C0466191AD /* Extensions */,
				5E74B4B1A6D937020112FE91 /* Dimensions */,
			);
			path = Utils;
			sourceTree = "<group>";
		};
		E01E248F27D6FD7000FB8BF5 /* Preferences */ = {
			isa = PBXGroup;
			children = (
				E01E249027D6FD8A00FB8BF5 /* UserPreferences.swift */,
			);
			path = Preferences;
			sourceTree = "<group>";
		};
		E0716D2227EFEFCC003487DE /* Modules */ = {
			isa = PBXGroup;
			children = (
				5E74BFFDFC30D1872D4F093E /* Register */,
				5E74B503F2FE0DC37E949E8F /* BookList */,
				E00122A027A8D377002909B6 /* Login */,
			);
			path = Modules;
			sourceTree = "<group>";
		};
		E0716D2527EFF0A7003487DE /* Enum */ = {
			isa = PBXGroup;
			children = (
				E0716D2627EFF0CD003487DE /* DataType.swift */,
			);
			path = Enum;
			sourceTree = "<group>";
		};
/* End PBXGroup section */

/* Begin PBXNativeTarget section */
		E001228427A8CFC7002909B6 /* Library */ = {
			isa = PBXNativeTarget;
			buildConfigurationList = E001229927A8CFC9002909B6 /* Build configuration list for PBXNativeTarget "Library" */;
			buildPhases = (
				E001228127A8CFC7002909B6 /* Sources */,
				E001228227A8CFC7002909B6 /* Frameworks */,
				E001228327A8CFC7002909B6 /* Resources */,
			);
			buildRules = (
			);
			dependencies = (
			);
			name = Library;
			packageProductDependencies = (
				E0716D1727EEC250003487DE /* Kingfisher */,
				E0716D1A27EEC324003487DE /* Alamofire */,
			);
			productName = Library;
			productReference = E001228527A8CFC7002909B6 /* Library.app */;
			productType = "com.apple.product-type.application";
		};
/* End PBXNativeTarget section */

/* Begin PBXProject section */
		E001227D27A8CFC7002909B6 /* Project object */ = {
			isa = PBXProject;
			attributes = {
				BuildIndependentTargetsInParallel = 1;
				LastSwiftUpdateCheck = 1320;
				LastUpgradeCheck = 1320;
				TargetAttributes = {
					E001228427A8CFC7002909B6 = {
						CreatedOnToolsVersion = 13.2.1;
					};
				};
			};
			buildConfigurationList = E001228027A8CFC7002909B6 /* Build configuration list for PBXProject "Library" */;
			compatibilityVersion = "Xcode 13.0";
			developmentRegion = en;
			hasScannedForEncodings = 0;
			knownRegions = (
				en,
				Base,
			);
			mainGroup = E001227C27A8CFC7002909B6;
			packageReferences = (
				E0716D1627EEC250003487DE /* XCRemoteSwiftPackageReference "Kingfisher" */,
				E0716D1927EEC324003487DE /* XCRemoteSwiftPackageReference "Alamofire" */,
			);
			productRefGroup = E001228627A8CFC7002909B6 /* Products */;
			projectDirPath = "";
			projectRoot = "";
			targets = (
				E001228427A8CFC7002909B6 /* Library */,
			);
		};
/* End PBXProject section */

/* Begin PBXResourcesBuildPhase section */
		E001228327A8CFC7002909B6 /* Resources */ = {
			isa = PBXResourcesBuildPhase;
			buildActionMask = 2147483647;
			files = (
				E001229527A8CFC9002909B6 /* LaunchScreen.storyboard in Resources */,
				E001229227A8CFC9002909B6 /* Assets.xcassets in Resources */,
				E001229027A8CFC7002909B6 /* Main.storyboard in Resources */,
			);
			runOnlyForDeploymentPostprocessing = 0;
		};
/* End PBXResourcesBuildPhase section */

/* Begin PBXSourcesBuildPhase section */
		E001228127A8CFC7002909B6 /* Sources */ = {
			isa = PBXSourcesBuildPhase;
			buildActionMask = 2147483647;
			files = (
				E0716D2927EFF273003487DE /* BooksExtensions.swift in Sources */,
				E001228D27A8CFC7002909B6 /* LoginViewController.swift in Sources */,
				E00122A527A8D44E002909B6 /* BaseUIViewController.swift in Sources */,
				E001228927A8CFC7002909B6 /* AppDelegate.swift in Sources */,
				E001228B27A8CFC7002909B6 /* SceneDelegate.swift in Sources */,
				E0716D2D27EFF31E003487DE /* CategoryExtensions.swift in Sources */,
				E0716D1D27EFD96B003487DE /* AuthorsResponse.swift in Sources */,
				E01E249127D6FD8A00FB8BF5 /* UserPreferences.swift in Sources */,
				5E74B7811816BF293182889F /* CustomTextField.swift in Sources */,
				5E74B90CA25F8EEF8C6AF740 /* BookListViewController.swift in Sources */,
				5E74B595D6F1BE9414D0A622 /* RegisterViewController.swift in Sources */,
				5E74B3E63073D96058E8D719 /* BookListViewModel.swift in Sources */,
				5E74B28BF94278016D7A2887 /* BookListDelegate.swift in Sources */,
				E0716D2427EFF02B003487DE /* AuthorsExtensions.swift in Sources */,
				5E74BABBCC6BFCBC9C6E903F /* ApiProvider.swift in Sources */,
				5E74B19FD43C8DF435112610 /* APIResultDelegate.swift in Sources */,
				5E74BB9C8923067C54464F09 /* RowBookView.swift in Sources */,
				5E74BE6975C621A5AB65EBF0 /* UIViewExtensions.swift in Sources */,
				E0716D2B27EFF2E4003487DE /* CategoriesResponse.swift in Sources */,
				E0716D2727EFF0CD003487DE /* DataType.swift in Sources */,
				E0716D1F27EFE87E003487DE /* BooksResponse.swift in Sources */,
				5E74B3EC5090943E94E5E471 /* ConstraintExtensions.swift in Sources */,
				5E74BE6102288959F811778B /* UIButtonExtensions.swift in Sources */,
				5E74BD7EDE2C17D953F16E90 /* UITextLabel.swift in Sources */,
				E0716D2127EFEF46003487DE /* Viewable.swift in Sources */,
				5E74BD7AC4121575B01208EB /* Dimensions.swift in Sources */,
				5E74B4A72139FBF5928F9282 /* DataParse.swift in Sources */,
				5E74BF33625B16178545D4F1 /* Endpoints.swift in Sources */,
			);
			runOnlyForDeploymentPostprocessing = 0;
		};
/* End PBXSourcesBuildPhase section */

/* Begin PBXVariantGroup section */
		E001228E27A8CFC7002909B6 /* Main.storyboard */ = {
			isa = PBXVariantGroup;
			children = (
				E001228F27A8CFC7002909B6 /* Base */,
			);
			name = Main.storyboard;
			sourceTree = "<group>";
		};
		E001229327A8CFC9002909B6 /* LaunchScreen.storyboard */ = {
			isa = PBXVariantGroup;
			children = (
				E001229427A8CFC9002909B6 /* Base */,
			);
			name = LaunchScreen.storyboard;
			sourceTree = "<group>";
		};
/* End PBXVariantGroup section */

/* Begin XCBuildConfiguration section */
		E001229727A8CFC9002909B6 /* Debug */ = {
			isa = XCBuildConfiguration;
			buildSettings = {
				ALWAYS_SEARCH_USER_PATHS = NO;
				CLANG_ANALYZER_NONNULL = YES;
				CLANG_ANALYZER_NUMBER_OBJECT_CONVERSION = YES_AGGRESSIVE;
				CLANG_CXX_LANGUAGE_STANDARD = "gnu++17";
				CLANG_CXX_LIBRARY = "libc++";
				CLANG_ENABLE_MODULES = YES;
				CLANG_ENABLE_OBJC_ARC = YES;
				CLANG_ENABLE_OBJC_WEAK = YES;
				CLANG_WARN_BLOCK_CAPTURE_AUTORELEASING = YES;
				CLANG_WARN_BOOL_CONVERSION = YES;
				CLANG_WARN_COMMA = YES;
				CLANG_WARN_CONSTANT_CONVERSION = YES;
				CLANG_WARN_DEPRECATED_OBJC_IMPLEMENTATIONS = YES;
				CLANG_WARN_DIRECT_OBJC_ISA_USAGE = YES_ERROR;
				CLANG_WARN_DOCUMENTATION_COMMENTS = YES;
				CLANG_WARN_EMPTY_BODY = YES;
				CLANG_WARN_ENUM_CONVERSION = YES;
				CLANG_WARN_INFINITE_RECURSION = YES;
				CLANG_WARN_INT_CONVERSION = YES;
				CLANG_WARN_NON_LITERAL_NULL_CONVERSION = YES;
				CLANG_WARN_OBJC_IMPLICIT_RETAIN_SELF = YES;
				CLANG_WARN_OBJC_LITERAL_CONVERSION = YES;
				CLANG_WARN_OBJC_ROOT_CLASS = YES_ERROR;
				CLANG_WARN_QUOTED_INCLUDE_IN_FRAMEWORK_HEADER = YES;
				CLANG_WARN_RANGE_LOOP_ANALYSIS = YES;
				CLANG_WARN_STRICT_PROTOTYPES = YES;
				CLANG_WARN_SUSPICIOUS_MOVE = YES;
				CLANG_WARN_UNGUARDED_AVAILABILITY = YES_AGGRESSIVE;
				CLANG_WARN_UNREACHABLE_CODE = YES;
				CLANG_WARN__DUPLICATE_METHOD_MATCH = YES;
				COPY_PHASE_STRIP = NO;
				DEBUG_INFORMATION_FORMAT = dwarf;
				ENABLE_STRICT_OBJC_MSGSEND = YES;
				ENABLE_TESTABILITY = YES;
				GCC_C_LANGUAGE_STANDARD = gnu11;
				GCC_DYNAMIC_NO_PIC = NO;
				GCC_NO_COMMON_BLOCKS = YES;
				GCC_OPTIMIZATION_LEVEL = 0;
				GCC_PREPROCESSOR_DEFINITIONS = (
					"DEBUG=1",
					"$(inherited)",
				);
				GCC_WARN_64_TO_32_BIT_CONVERSION = YES;
				GCC_WARN_ABOUT_RETURN_TYPE = YES_ERROR;
				GCC_WARN_UNDECLARED_SELECTOR = YES;
				GCC_WARN_UNINITIALIZED_AUTOS = YES_AGGRESSIVE;
				GCC_WARN_UNUSED_FUNCTION = YES;
				GCC_WARN_UNUSED_VARIABLE = YES;
				IPHONEOS_DEPLOYMENT_TARGET = 15.2;
				MTL_ENABLE_DEBUG_INFO = INCLUDE_SOURCE;
				MTL_FAST_MATH = YES;
				ONLY_ACTIVE_ARCH = YES;
				SDKROOT = iphoneos;
				SWIFT_ACTIVE_COMPILATION_CONDITIONS = DEBUG;
				SWIFT_OPTIMIZATION_LEVEL = "-Onone";
			};
			name = Debug;
		};
		E001229827A8CFC9002909B6 /* Release */ = {
			isa = XCBuildConfiguration;
			buildSettings = {
				ALWAYS_SEARCH_USER_PATHS = NO;
				CLANG_ANALYZER_NONNULL = YES;
				CLANG_ANALYZER_NUMBER_OBJECT_CONVERSION = YES_AGGRESSIVE;
				CLANG_CXX_LANGUAGE_STANDARD = "gnu++17";
				CLANG_CXX_LIBRARY = "libc++";
				CLANG_ENABLE_MODULES = YES;
				CLANG_ENABLE_OBJC_ARC = YES;
				CLANG_ENABLE_OBJC_WEAK = YES;
				CLANG_WARN_BLOCK_CAPTURE_AUTORELEASING = YES;
				CLANG_WARN_BOOL_CONVERSION = YES;
				CLANG_WARN_COMMA = YES;
				CLANG_WARN_CONSTANT_CONVERSION = YES;
				CLANG_WARN_DEPRECATED_OBJC_IMPLEMENTATIONS = YES;
				CLANG_WARN_DIRECT_OBJC_ISA_USAGE = YES_ERROR;
				CLANG_WARN_DOCUMENTATION_COMMENTS = YES;
				CLANG_WARN_EMPTY_BODY = YES;
				CLANG_WARN_ENUM_CONVERSION = YES;
				CLANG_WARN_INFINITE_RECURSION = YES;
				CLANG_WARN_INT_CONVERSION = YES;
				CLANG_WARN_NON_LITERAL_NULL_CONVERSION = YES;
				CLANG_WARN_OBJC_IMPLICIT_RETAIN_SELF = YES;
				CLANG_WARN_OBJC_LITERAL_CONVERSION = YES;
				CLANG_WARN_OBJC_ROOT_CLASS = YES_ERROR;
				CLANG_WARN_QUOTED_INCLUDE_IN_FRAMEWORK_HEADER = YES;
				CLANG_WARN_RANGE_LOOP_ANALYSIS = YES;
				CLANG_WARN_STRICT_PROTOTYPES = YES;
				CLANG_WARN_SUSPICIOUS_MOVE = YES;
				CLANG_WARN_UNGUARDED_AVAILABILITY = YES_AGGRESSIVE;
				CLANG_WARN_UNREACHABLE_CODE = YES;
				CLANG_WARN__DUPLICATE_METHOD_MATCH = YES;
				COPY_PHASE_STRIP = NO;
				DEBUG_INFORMATION_FORMAT = "dwarf-with-dsym";
				ENABLE_NS_ASSERTIONS = NO;
				ENABLE_STRICT_OBJC_MSGSEND = YES;
				GCC_C_LANGUAGE_STANDARD = gnu11;
				GCC_NO_COMMON_BLOCKS = YES;
				GCC_WARN_64_TO_32_BIT_CONVERSION = YES;
				GCC_WARN_ABOUT_RETURN_TYPE = YES_ERROR;
				GCC_WARN_UNDECLARED_SELECTOR = YES;
				GCC_WARN_UNINITIALIZED_AUTOS = YES_AGGRESSIVE;
				GCC_WARN_UNUSED_FUNCTION = YES;
				GCC_WARN_UNUSED_VARIABLE = YES;
				IPHONEOS_DEPLOYMENT_TARGET = 15.2;
				MTL_ENABLE_DEBUG_INFO = NO;
				MTL_FAST_MATH = YES;
				SDKROOT = iphoneos;
				SWIFT_COMPILATION_MODE = wholemodule;
				SWIFT_OPTIMIZATION_LEVEL = "-O";
				VALIDATE_PRODUCT = YES;
			};
			name = Release;
		};
		E001229A27A8CFC9002909B6 /* Debug */ = {
			isa = XCBuildConfiguration;
			buildSettings = {
				ASSETCATALOG_COMPILER_APPICON_NAME = AppIcon;
				ASSETCATALOG_COMPILER_GLOBAL_ACCENT_COLOR_NAME = AccentColor;
				CODE_SIGN_STYLE = Automatic;
				CURRENT_PROJECT_VERSION = 1;
				DEVELOPMENT_TEAM = 3ABGK3M32J;
				GENERATE_INFOPLIST_FILE = YES;
				INFOPLIST_FILE = Library/Info.plist;
				INFOPLIST_KEY_UIApplicationSupportsIndirectInputEvents = YES;
				INFOPLIST_KEY_UILaunchStoryboardName = LaunchScreen;
				INFOPLIST_KEY_UIMainStoryboardFile = Main;
				INFOPLIST_KEY_UISupportedInterfaceOrientations_iPad = "UIInterfaceOrientationPortrait UIInterfaceOrientationPortraitUpsideDown UIInterfaceOrientationLandscapeLeft UIInterfaceOrientationLandscapeRight";
				INFOPLIST_KEY_UISupportedInterfaceOrientations_iPhone = "UIInterfaceOrientationPortrait UIInterfaceOrientationLandscapeLeft UIInterfaceOrientationLandscapeRight";
				LD_RUNPATH_SEARCH_PATHS = (
					"$(inherited)",
					"@executable_path/Frameworks",
				);
				MARKETING_VERSION = 1.0;
				PRODUCT_BUNDLE_IDENTIFIER = com.hamon.Library;
				PRODUCT_NAME = "$(TARGET_NAME)";
				SWIFT_EMIT_LOC_STRINGS = YES;
				SWIFT_VERSION = 5.0;
				TARGETED_DEVICE_FAMILY = "1,2";
			};
			name = Debug;
		};
		E001229B27A8CFC9002909B6 /* Release */ = {
			isa = XCBuildConfiguration;
			buildSettings = {
				ASSETCATALOG_COMPILER_APPICON_NAME = AppIcon;
				ASSETCATALOG_COMPILER_GLOBAL_ACCENT_COLOR_NAME = AccentColor;
				CODE_SIGN_STYLE = Automatic;
				CURRENT_PROJECT_VERSION = 1;
				DEVELOPMENT_TEAM = 3ABGK3M32J;
				GENERATE_INFOPLIST_FILE = YES;
				INFOPLIST_FILE = Library/Info.plist;
				INFOPLIST_KEY_UIApplicationSupportsIndirectInputEvents = YES;
				INFOPLIST_KEY_UILaunchStoryboardName = LaunchScreen;
				INFOPLIST_KEY_UIMainStoryboardFile = Main;
				INFOPLIST_KEY_UISupportedInterfaceOrientations_iPad = "UIInterfaceOrientationPortrait UIInterfaceOrientationPortraitUpsideDown UIInterfaceOrientationLandscapeLeft UIInterfaceOrientationLandscapeRight";
				INFOPLIST_KEY_UISupportedInterfaceOrientations_iPhone = "UIInterfaceOrientationPortrait UIInterfaceOrientationLandscapeLeft UIInterfaceOrientationLandscapeRight";
				LD_RUNPATH_SEARCH_PATHS = (
					"$(inherited)",
					"@executable_path/Frameworks",
				);
				MARKETING_VERSION = 1.0;
				PRODUCT_BUNDLE_IDENTIFIER = com.hamon.Library;
				PRODUCT_NAME = "$(TARGET_NAME)";
				SWIFT_EMIT_LOC_STRINGS = YES;
				SWIFT_VERSION = 5.0;
				TARGETED_DEVICE_FAMILY = "1,2";
			};
			name = Release;
		};
/* End XCBuildConfiguration section */

/* Begin XCConfigurationList section */
		E001228027A8CFC7002909B6 /* Build configuration list for PBXProject "Library" */ = {
			isa = XCConfigurationList;
			buildConfigurations = (
				E001229727A8CFC9002909B6 /* Debug */,
				E001229827A8CFC9002909B6 /* Release */,
			);
			defaultConfigurationIsVisible = 0;
			defaultConfigurationName = Release;
		};
		E001229927A8CFC9002909B6 /* Build configuration list for PBXNativeTarget "Library" */ = {
			isa = XCConfigurationList;
			buildConfigurations = (
				E001229A27A8CFC9002909B6 /* Debug */,
				E001229B27A8CFC9002909B6 /* Release */,
			);
			defaultConfigurationIsVisible = 0;
			defaultConfigurationName = Release;
		};
/* End XCConfigurationList section */

/* Begin XCRemoteSwiftPackageReference section */
		E0716D1627EEC250003487DE /* XCRemoteSwiftPackageReference "Kingfisher" */ = {
			isa = XCRemoteSwiftPackageReference;
			repositoryURL = "https://github.com/onevcat/Kingfisher";
			requirement = {
				kind = upToNextMajorVersion;
				minimumVersion = 7.0.0;
			};
		};
		E0716D1927EEC324003487DE /* XCRemoteSwiftPackageReference "Alamofire" */ = {
			isa = XCRemoteSwiftPackageReference;
			repositoryURL = "https://github.com/Alamofire/Alamofire";
			requirement = {
				kind = upToNextMajorVersion;
				minimumVersion = 5.0.0;
			};
		};
/* End XCRemoteSwiftPackageReference section */

/* Begin XCSwiftPackageProductDependency section */
		E0716D1727EEC250003487DE /* Kingfisher */ = {
			isa = XCSwiftPackageProductDependency;
			package = E0716D1627EEC250003487DE /* XCRemoteSwiftPackageReference "Kingfisher" */;
			productName = Kingfisher;
		};
		E0716D1A27EEC324003487DE /* Alamofire */ = {
			isa = XCSwiftPackageProductDependency;
			package = E0716D1927EEC324003487DE /* XCRemoteSwiftPackageReference "Alamofire" */;
			productName = Alamofire;
		};
/* End XCSwiftPackageProductDependency section */
	};
	rootObject = E001227D27A8CFC7002909B6 /* Project object */;
}
